
Microsoft Visual Studio Solution File, Format Version 12.00
# Visual Studio Version 17
VisualStudioVersion = 17.0.31903.59
MinimumVisualStudioVersion = 10.0.40219.1
Project("{FAE04EC0-301F-11D3-BF4B-00C04F79EFBC}") = "MauiToolkit.net", "MauiToolkit.net\MauiToolkit.net.csproj", "{1A785EA6-2D76-4C13-A36A-A6F65CCAB673}"
EndProject
Project("{FAE04EC0-301F-11D3-BF4B-00C04F79EFBC}") = "Exemple", "Exemple\Exemple.csproj", "{82E0E69C-FA64-4FAA-A9C0-B5957E8B5EE8}"
EndProject
Global
	GlobalSection(SolutionConfigurationPlatforms) = preSolution
		Debug|Any CPU = Debug|Any CPU
		Debug|x64 = Debug|x64
		Debug|x86 = Debug|x86
		Release|Any CPU = Release|Any CPU
		Release|x64 = Release|x64
		Release|x86 = Release|x86
	EndGlobalSection
	GlobalSection(ProjectConfigurationPlatforms) = postSolution
		{1A785EA6-2D76-4C13-A36A-A6F65CCAB673}.Debug|Any CPU.ActiveCfg = Debug|Any CPU
		{1A785EA6-2D76-4C13-A36A-A6F65CCAB673}.Debug|Any CPU.Build.0 = Debug|Any CPU
		{1A785EA6-2D76-4C13-A36A-A6F65CCAB673}.Debug|x64.ActiveCfg = Debug|Any CPU
		{1A785EA6-2D76-4C13-A36A-A6F65CCAB673}.Debug|x64.Build.0 = Debug|Any CPU
		{1A785EA6-2D76-4C13-A36A-A6F65CCAB673}.Debug|x86.ActiveCfg = Debug|Any CPU
		{1A785EA6-2D76-4C13-A36A-A6F65CCAB673}.Debug|x86.Build.0 = Debug|Any CPU
		{1A785EA6-2D76-4C13-A36A-A6F65CCAB673}.Release|Any CPU.ActiveCfg = Release|Any CPU
		{1A785EA6-2D76-4C13-A36A-A6F65CCAB673}.Release|Any CPU.Build.0 = Release|Any CPU
		{1A785EA6-2D76-4C13-A36A-A6F65CCAB673}.Release|x64.ActiveCfg = Release|Any CPU
		{1A785EA6-2D76-4C13-A36A-A6F65CCAB673}.Release|x64.Build.0 = Release|Any CPU
		{1A785EA6-2D76-4C13-A36A-A6F65CCAB673}.Release|x86.ActiveCfg = Release|Any CPU
		{1A785EA6-2D76-4C13-A36A-A6F65CCAB673}.Release|x86.Build.0 = Release|Any CPU
		{82E0E69C-FA64-4FAA-A9C0-B5957E8B5EE8}.Debug|Any CPU.ActiveCfg = Debug|Any CPU
		{82E0E69C-FA64-4FAA-A9C0-B5957E8B5EE8}.Debug|Any CPU.Build.0 = Debug|Any CPU
		{82E0E69C-FA64-4FAA-A9C0-B5957E8B5EE8}.Debug|x64.ActiveCfg = Debug|Any CPU
		{82E0E69C-FA64-4FAA-A9C0-B5957E8B5EE8}.Debug|x64.Build.0 = Debug|Any CPU
		{82E0E69C-FA64-4FAA-A9C0-B5957E8B5EE8}.Debug|x86.ActiveCfg = Debug|Any CPU
		{82E0E69C-FA64-4FAA-A9C0-B5957E8B5EE8}.Debug|x86.Build.0 = Debug|Any CPU
		{82E0E69C-FA64-4FAA-A9C0-B5957E8B5EE8}.Release|Any CPU.ActiveCfg = Release|Any CPU
		{82E0E69C-FA64-4FAA-A9C0-B5957E8B5EE8}.Release|Any CPU.Build.0 = Release|Any CPU
		{82E0E69C-FA64-4FAA-A9C0-B5957E8B5EE8}.Release|x64.ActiveCfg = Release|Any CPU
		{82E0E69C-FA64-4FAA-A9C0-B5957E8B5EE8}.Release|x64.Build.0 = Release|Any CPU
		{82E0E69C-FA64-4FAA-A9C0-B5957E8B5EE8}.Release|x86.ActiveCfg = Release|Any CPU
		{82E0E69C-FA64-4FAA-A9C0-B5957E8B5EE8}.Release|x86.Build.0 = Release|Any CPU
	EndGlobalSection
	GlobalSection(SolutionProperties) = preSolution
		HideSolutionNode = FALSE
	EndGlobalSection
EndGlobal
